{
  "name": "chiffrement",
  "version": "1.0.0",
  "lockfileVersion": 3,
  "requires": true,
  "packages": {
    "": {
      "name": "chiffrement",
      "version": "1.0.0",
      "license": "ISC",
      "dependencies": {
        "libsodium": "^0.7.11",
        "libsodium-wrappers": "^0.7.11",
        "libsodium-wrappers-sumo": "^0.7.11"
      }
    },
    "node_modules/libsodium": {
      "version": "0.7.11",
      "resolved": "https://registry.npmjs.org/libsodium/-/libsodium-0.7.11.tgz",
      "integrity": "sha512-WPfJ7sS53I2s4iM58QxY3Inb83/6mjlYgcmZs7DJsvDlnmVUwNinBCi5vBT43P6bHRy01O4zsMU2CoVR6xJ40A=="
    },
    "node_modules/libsodium-sumo": {
      "version": "0.7.11",
      "resolved": "https://registry.npmjs.org/libsodium-sumo/-/libsodium-sumo-0.7.11.tgz",
      "integrity": "sha512-bY+7ph7xpk51Ez2GbE10lXAQ5sJma6NghcIDaSPbM/G9elfrjLa0COHl/7P6Wb/JizQzl5UQontOOP1z0VwbLA=="
    },
    "node_modules/libsodium-wrappers": {
      "version": "0.7.11",
      "resolved": "https://registry.npmjs.org/libsodium-wrappers/-/libsodium-wrappers-0.7.11.tgz",
      "integrity": "sha512-SrcLtXj7BM19vUKtQuyQKiQCRJPgbpauzl3s0rSwD+60wtHqSUuqcoawlMDheCJga85nKOQwxNYQxf/CKAvs6Q==",
      "dependencies": {
        "libsodium": "^0.7.11"
      }
    },
    "node_modules/libsodium-wrappers-sumo": {
      "version": "0.7.11",
      "resolved": "https://registry.npmjs.org/libsodium-wrappers-sumo/-/libsodium-wrappers-sumo-0.7.11.tgz",
      "integrity": "sha512-DGypHOmJbB1nZn89KIfGOAkDgfv5N6SBGC3Qvmy/On0P0WD1JQvNRS/e3UL3aFF+xC0m+MYz5M+MnRnK2HMrKQ==",
      "dependencies": {
        "libsodium-sumo": "^0.7.11"
      }
    }
  }
}
